
Microsoft Visual Studio Solution File, Format Version 12.00
# Visual Studio Version 17
VisualStudioVersion = 17.1.32228.430
MinimumVisualStudioVersion = 10.0.40219.1
Project("{9A19103F-16F7-4668-BE54-9A1E7A4F7556}") = "Opus", "Opus\Opus.csproj", "{B9E81DBF-64A6-46CF-8AB2-7FE12D7A9C1F}"
EndProject
Project("{9A19103F-16F7-4668-BE54-9A1E7A4F7556}") = "Opus.DataAcces", "Opus.DataAcces\Opus.DataAcces.csproj", "{F733D458-A62F-4FC7-ADEE-5EFF548816A7}"
EndProject
Project("{9A19103F-16F7-4668-BE54-9A1E7A4F7556}") = "Opus.Models", "Opus.Models\Opus.Models.csproj", "{5B52629E-A05A-4AE1-A890-3A1EB5CBF779}"
EndProject
Project("{9A19103F-16F7-4668-BE54-9A1E7A4F7556}") = "Opus.Utility", "Opus.Utility\Opus.Utility.csproj", "{1FCC5A76-9D66-4D5C-BABD-1EFE52AE8C55}"
EndProject
Global
	GlobalSection(SolutionConfigurationPlatforms) = preSolution
		Debug|Any CPU = Debug|Any CPU
		Release|Any CPU = Release|Any CPU
	EndGlobalSection
	GlobalSection(ProjectConfigurationPlatforms) = postSolution
		{B9E81DBF-64A6-46CF-8AB2-7FE12D7A9C1F}.Debug|Any CPU.ActiveCfg = Debug|Any CPU
		{B9E81DBF-64A6-46CF-8AB2-7FE12D7A9C1F}.Debug|Any CPU.Build.0 = Debug|Any CPU
		{B9E81DBF-64A6-46CF-8AB2-7FE12D7A9C1F}.Release|Any CPU.ActiveCfg = Release|Any CPU
		{B9E81DBF-64A6-46CF-8AB2-7FE12D7A9C1F}.Release|Any CPU.Build.0 = Release|Any CPU
		{F733D458-A62F-4FC7-ADEE-5EFF548816A7}.Debug|Any CPU.ActiveCfg = Debug|Any CPU
		{F733D458-A62F-4FC7-ADEE-5EFF548816A7}.Debug|Any CPU.Build.0 = Debug|Any CPU
		{F733D458-A62F-4FC7-ADEE-5EFF548816A7}.Release|Any CPU.ActiveCfg = Release|Any CPU
		{F733D458-A62F-4FC7-ADEE-5EFF548816A7}.Release|Any CPU.Build.0 = Release|Any CPU
		{5B52629E-A05A-4AE1-A890-3A1EB5CBF779}.Debug|Any CPU.ActiveCfg = Debug|Any CPU
		{5B52629E-A05A-4AE1-A890-3A1EB5CBF779}.Debug|Any CPU.Build.0 = Debug|Any CPU
		{5B52629E-A05A-4AE1-A890-3A1EB5CBF779}.Release|Any CPU.ActiveCfg = Release|Any CPU
		{5B52629E-A05A-4AE1-A890-3A1EB5CBF779}.Release|Any CPU.Build.0 = Release|Any CPU
		{1FCC5A76-9D66-4D5C-BABD-1EFE52AE8C55}.Debug|Any CPU.ActiveCfg = Debug|Any CPU
		{1FCC5A76-9D66-4D5C-BABD-1EFE52AE8C55}.Debug|Any CPU.Build.0 = Debug|Any CPU
		{1FCC5A76-9D66-4D5C-BABD-1EFE52AE8C55}.Release|Any CPU.ActiveCfg = Release|Any CPU
		{1FCC5A76-9D66-4D5C-BABD-1EFE52AE8C55}.Release|Any CPU.Build.0 = Release|Any CPU
	EndGlobalSection
	GlobalSection(SolutionProperties) = preSolution
		HideSolutionNode = FALSE
	EndGlobalSection
	GlobalSection(ExtensibilityGlobals) = postSolution
		SolutionGuid = {0C1BEF31-BB6F-4614-A744-5692F6239C4D}
	EndGlobalSection
EndGlobal
